
Microsoft Visual Studio Solution File, Format Version 12.00
# Visual Studio 2012
Project("{FAE04EC0-301F-11D3-BF4B-00C04F79EFBC}") = "SpikeBytes", "SpikeBytes\SpikeBytes.csproj", "{FBAD7673-0301-4ADF-8A03-736F26947294}"
EndProject
Global
	GlobalSection(SolutionConfigurationPlatforms) = preSolution
		Debug|Any CPU = Debug|Any CPU
		Release|Any CPU = Release|Any CPU
	EndGlobalSection
	GlobalSection(ProjectConfigurationPlatforms) = postSolution
		{FBAD7673-0301-4ADF-8A03-736F26947294}.Debug|Any CPU.ActiveCfg = Debug|Any CPU
		{FBAD7673-0301-4ADF-8A03-736F26947294}.Debug|Any CPU.Build.0 = Debug|Any CPU
		{FBAD7673-0301-4ADF-8A03-736F26947294}.Release|Any CPU.ActiveCfg = Release|Any CPU
		{FBAD7673-0301-4ADF-8A03-736F26947294}.Release|Any CPU.Build.0 = Release|Any CPU
	EndGlobalSection
	GlobalSection(SolutionProperties) = preSolution
		HideSolutionNode = FALSE
	EndGlobalSection
EndGlobal
